
Microsoft Visual Studio Solution File, Format Version 11.00
# Visual Studio 2010
Project("{FAE04EC0-301F-11D3-BF4B-00C04F79EFBC}") = "Assembly-CSharp", "Assembly-CSharp.csproj", "{f2acb10b-24ab-537c-9438-c5dda88bae5a}"
EndProject
Project("{FAE04EC0-301F-11D3-BF4B-00C04F79EFBC}") = "Assembly-CSharp-Editor", "Assembly-CSharp-Editor.csproj", "{06555184-788d-0556-f0d6-982c795939d6}"
EndProject
Global
	GlobalSection(SolutionConfigurationPlatforms) = preSolution
		Debug|Any CPU = Debug|Any CPU
	EndGlobalSection
	GlobalSection(ProjectConfigurationPlatforms) = postSolution
		{f2acb10b-24ab-537c-9438-c5dda88bae5a}.Debug|Any CPU.ActiveCfg = Debug|Any CPU
		{f2acb10b-24ab-537c-9438-c5dda88bae5a}.Debug|Any CPU.Build.0 = Debug|Any CPU
		{06555184-788d-0556-f0d6-982c795939d6}.Debug|Any CPU.ActiveCfg = Debug|Any CPU
		{06555184-788d-0556-f0d6-982c795939d6}.Debug|Any CPU.Build.0 = Debug|Any CPU
	EndGlobalSection
	GlobalSection(SolutionProperties) = preSolution
		HideSolutionNode = FALSE
	EndGlobalSection
EndGlobal
